
Microsoft Visual Studio Solution File, Format Version 12.00
# Visual Studio Version 17
VisualStudioVersion = 17.4.33110.190
MinimumVisualStudioVersion = 10.0.40219.1
Project("{FAE04EC0-301F-11D3-BF4B-00C04F79EFBC}") = "SMIS", "SMIS\SMIS.csproj", "{B418A705-2485-488E-BDDE-A887D1BD1D44}"
EndProject
Global
	GlobalSection(SolutionConfigurationPlatforms) = preSolution
		Debug|Any CPU = Debug|Any CPU
		Release|Any CPU = Release|Any CPU
	EndGlobalSection
	GlobalSection(ProjectConfigurationPlatforms) = postSolution
		{B418A705-2485-488E-BDDE-A887D1BD1D44}.Debug|Any CPU.ActiveCfg = Debug|Any CPU
		{B418A705-2485-488E-BDDE-A887D1BD1D44}.Debug|Any CPU.Build.0 = Debug|Any CPU
		{B418A705-2485-488E-BDDE-A887D1BD1D44}.Release|Any CPU.ActiveCfg = Release|Any CPU
		{B418A705-2485-488E-BDDE-A887D1BD1D44}.Release|Any CPU.Build.0 = Release|Any CPU
	EndGlobalSection
	GlobalSection(SolutionProperties) = preSolution
		HideSolutionNode = FALSE
	EndGlobalSection
	GlobalSection(ExtensibilityGlobals) = postSolution
		SolutionGuid = {6EB99F4B-FE93-4430-A5B3-8327C01931DE}
	EndGlobalSection
EndGlobal
